<?xml version="1.0" encoding="utf-8"?>
<Project ToolsVersion="15.0" xmlns="http://schemas.microsoft.com/developer/msbuild/2003">
  <ItemGroup>
    <ClCompile Include="D:\Users\joao_lourenco\labs\tccwasm\pocs\helloopencv\src\main.cpp">
      <Filter>Source Files</Filter>
    </ClCompile>
  </ItemGroup>
  <ItemGroup>
    <CustomBuild Include="D:\Users\joao_lourenco\labs\tccwasm\pocs\helloopencv\CMakeLists.txt" />
  </ItemGroup>
  <ItemGroup>
    <Filter Include="Source Files">
      <UniqueIdentifier>{B6693B25-5806-3B0D-BAB0-D849327F57AB}</UniqueIdentifier>
    </Filter>
  </ItemGroup>
</Project>
