<?xml version="1.0" encoding="utf-8"?>
<Project ToolsVersion="15.0" xmlns="http://schemas.microsoft.com/developer/msbuild/2003">
  <ItemGroup>
    <CustomBuild Include="D:\Users\joao_lourenco\labs\tccwasm\pocs\helloopencv\build_win\CMakeFiles\928082b95ba220bcbb70085dd3a98ab3\generate.stamp.rule">
      <Filter>CMake Rules</Filter>
    </CustomBuild>
  </ItemGroup>
  <ItemGroup>
    <Filter Include="CMake Rules">
      <UniqueIdentifier>{BD6479F6-93B5-30B7-9DA8-010763AE8C1F}</UniqueIdentifier>
    </Filter>
  </ItemGroup>
</Project>
